
Microsoft Visual Studio Solution File, Format Version 12.00
# Visual Studio Version 17
VisualStudioVersion = 17.4.33403.182
MinimumVisualStudioVersion = 10.0.40219.1
Project("{FAE04EC0-301F-11D3-BF4B-00C04F79EFBC}") = "CosmeticTest", "CosmeticTest\CosmeticTest.csproj", "{829C12A9-7AFA-4314-B932-7579CDF73DE5}"
EndProject
Global
	GlobalSection(SolutionConfigurationPlatforms) = preSolution
		Debug|Any CPU = Debug|Any CPU
		Release|Any CPU = Release|Any CPU
	EndGlobalSection
	GlobalSection(ProjectConfigurationPlatforms) = postSolution
		{829C12A9-7AFA-4314-B932-7579CDF73DE5}.Debug|Any CPU.ActiveCfg = Debug|Any CPU
		{829C12A9-7AFA-4314-B932-7579CDF73DE5}.Debug|Any CPU.Build.0 = Debug|Any CPU
		{829C12A9-7AFA-4314-B932-7579CDF73DE5}.Release|Any CPU.ActiveCfg = Release|Any CPU
		{829C12A9-7AFA-4314-B932-7579CDF73DE5}.Release|Any CPU.Build.0 = Release|Any CPU
	EndGlobalSection
	GlobalSection(SolutionProperties) = preSolution
		HideSolutionNode = FALSE
	EndGlobalSection
	GlobalSection(ExtensibilityGlobals) = postSolution
		SolutionGuid = {C881C4EA-89A4-4E2C-B86F-0A6FE2782DFE}
	EndGlobalSection
EndGlobal
